
Microsoft Visual Studio Solution File, Format Version 12.00
# Visual Studio Version 16
VisualStudioVersion = 16.0.29509.3
MinimumVisualStudioVersion = 10.0.40219.1
Project("{F184B08F-C81C-45F6-A57F-5ABD9991F28F}") = "Assignment1MusicStore", "Assignment1MusicStore\Assignment1MusicStore.vbproj", "{3E6E6388-82F4-4BEB-9296-446B20407C2C}"
EndProject
Global
	GlobalSection(SolutionConfigurationPlatforms) = preSolution
		Debug|Any CPU = Debug|Any CPU
		Release|Any CPU = Release|Any CPU
	EndGlobalSection
	GlobalSection(ProjectConfigurationPlatforms) = postSolution
		{3E6E6388-82F4-4BEB-9296-446B20407C2C}.Debug|Any CPU.ActiveCfg = Debug|Any CPU
		{3E6E6388-82F4-4BEB-9296-446B20407C2C}.Debug|Any CPU.Build.0 = Debug|Any CPU
		{3E6E6388-82F4-4BEB-9296-446B20407C2C}.Release|Any CPU.ActiveCfg = Release|Any CPU
		{3E6E6388-82F4-4BEB-9296-446B20407C2C}.Release|Any CPU.Build.0 = Release|Any CPU
	EndGlobalSection
	GlobalSection(SolutionProperties) = preSolution
		HideSolutionNode = FALSE
	EndGlobalSection
	GlobalSection(ExtensibilityGlobals) = postSolution
		SolutionGuid = {0962C43C-F08D-4E85-889C-446B7AFDB39E}
	EndGlobalSection
EndGlobal
